{
  "name": "checkFizzBuzz",
  "version": "1.0.0",
  "lockfileVersion": 1,
  "requires": true,
  "dependencies": {
    "@yamachan0625/fizzbuzz": {
      "version": "1.0.2",
      "resolved": "https://registry.npmjs.org/@yamachan0625/fizzbuzz/-/fizzbuzz-1.0.2.tgz",
      "integrity": "sha512-1vu8u/Bq8r3WUZPTXzHTN68Q0T1wBxQin85VOVuZx4WKSFWrRF09tMULIak5Q8e9Nlb/udjTGrsRufnu0MemFw=="
    }
  }
}
